
Microsoft Visual Studio Solution File, Format Version 12.00
# Visual Studio Version 17
VisualStudioVersion = 17.11.35327.3
MinimumVisualStudioVersion = 10.0.40219.1
Project("{9A19103F-16F7-4668-BE54-9A1E7A4F7556}") = "ProyectoDI - Rick and Morty API", "ProyectoDI - Rick and Morty API.csproj", "{84661AB5-970C-4C0D-975F-D4D5FCFD6A1B}"
EndProject
Project("{9A19103F-16F7-4668-BE54-9A1E7A4F7556}") = "ProyectoTests", "..\ProyectoTests\ProyectoTests.csproj", "{7083B0C9-7FEF-476B-B9FA-2724A0C1D3FB}"
EndProject
Global
	GlobalSection(SolutionConfigurationPlatforms) = preSolution
		Debug|Any CPU = Debug|Any CPU
		Release|Any CPU = Release|Any CPU
	EndGlobalSection
	GlobalSection(ProjectConfigurationPlatforms) = postSolution
		{84661AB5-970C-4C0D-975F-D4D5FCFD6A1B}.Debug|Any CPU.ActiveCfg = Debug|Any CPU
		{84661AB5-970C-4C0D-975F-D4D5FCFD6A1B}.Debug|Any CPU.Build.0 = Debug|Any CPU
		{84661AB5-970C-4C0D-975F-D4D5FCFD6A1B}.Release|Any CPU.ActiveCfg = Release|Any CPU
		{84661AB5-970C-4C0D-975F-D4D5FCFD6A1B}.Release|Any CPU.Build.0 = Release|Any CPU
		{7083B0C9-7FEF-476B-B9FA-2724A0C1D3FB}.Debug|Any CPU.ActiveCfg = Debug|Any CPU
		{7083B0C9-7FEF-476B-B9FA-2724A0C1D3FB}.Debug|Any CPU.Build.0 = Debug|Any CPU
		{7083B0C9-7FEF-476B-B9FA-2724A0C1D3FB}.Release|Any CPU.ActiveCfg = Release|Any CPU
		{7083B0C9-7FEF-476B-B9FA-2724A0C1D3FB}.Release|Any CPU.Build.0 = Release|Any CPU
	EndGlobalSection
	GlobalSection(SolutionProperties) = preSolution
		HideSolutionNode = FALSE
	EndGlobalSection
	GlobalSection(ExtensibilityGlobals) = postSolution
		SolutionGuid = {1AF112C0-50D0-4D1C-9FD1-95AD70711A49}
	EndGlobalSection
EndGlobal
